
Microsoft Visual Studio Solution File, Format Version 12.00
# Visual Studio 15
VisualStudioVersion = 15.0.26124.0
MinimumVisualStudioVersion = 15.0.26124.0
Project("{FAE04EC0-301F-11D3-BF4B-00C04F79EFBC}") = "TestCommon", "..\TestCommon\TestCommon.csproj", "{D77A3672-489B-4437-A950-338C8AFFBE50}"
EndProject
Project("{FAE04EC0-301F-11D3-BF4B-00C04F79EFBC}") = "A2", "A2\A2.csproj", "{70F55EB4-4BE0-40C0-8873-51862547C1C1}"
EndProject
Project("{FAE04EC0-301F-11D3-BF4B-00C04F79EFBC}") = "A2.Tests", "A2.Tests\A2.Tests.csproj", "{A5FCE5C4-F6E0-4202-BA9A-9C99A33FD293}"
EndProject
Global
	GlobalSection(SolutionConfigurationPlatforms) = preSolution
		Debug|Any CPU = Debug|Any CPU
		Debug|x64 = Debug|x64
		Debug|x86 = Debug|x86
		Release|Any CPU = Release|Any CPU
		Release|x64 = Release|x64
		Release|x86 = Release|x86
	EndGlobalSection
	GlobalSection(SolutionProperties) = preSolution
		HideSolutionNode = FALSE
	EndGlobalSection
	GlobalSection(ProjectConfigurationPlatforms) = postSolution
		{D77A3672-489B-4437-A950-338C8AFFBE50}.Debug|Any CPU.ActiveCfg = Debug|Any CPU
		{D77A3672-489B-4437-A950-338C8AFFBE50}.Debug|Any CPU.Build.0 = Debug|Any CPU
		{D77A3672-489B-4437-A950-338C8AFFBE50}.Debug|x64.ActiveCfg = Debug|Any CPU
		{D77A3672-489B-4437-A950-338C8AFFBE50}.Debug|x64.Build.0 = Debug|Any CPU
		{D77A3672-489B-4437-A950-338C8AFFBE50}.Debug|x86.ActiveCfg = Debug|Any CPU
		{D77A3672-489B-4437-A950-338C8AFFBE50}.Debug|x86.Build.0 = Debug|Any CPU
		{D77A3672-489B-4437-A950-338C8AFFBE50}.Release|Any CPU.ActiveCfg = Release|Any CPU
		{D77A3672-489B-4437-A950-338C8AFFBE50}.Release|Any CPU.Build.0 = Release|Any CPU
		{D77A3672-489B-4437-A950-338C8AFFBE50}.Release|x64.ActiveCfg = Release|Any CPU
		{D77A3672-489B-4437-A950-338C8AFFBE50}.Release|x64.Build.0 = Release|Any CPU
		{D77A3672-489B-4437-A950-338C8AFFBE50}.Release|x86.ActiveCfg = Release|Any CPU
		{D77A3672-489B-4437-A950-338C8AFFBE50}.Release|x86.Build.0 = Release|Any CPU
		{70F55EB4-4BE0-40C0-8873-51862547C1C1}.Debug|Any CPU.ActiveCfg = Debug|Any CPU
		{70F55EB4-4BE0-40C0-8873-51862547C1C1}.Debug|Any CPU.Build.0 = Debug|Any CPU
		{70F55EB4-4BE0-40C0-8873-51862547C1C1}.Debug|x64.ActiveCfg = Debug|Any CPU
		{70F55EB4-4BE0-40C0-8873-51862547C1C1}.Debug|x64.Build.0 = Debug|Any CPU
		{70F55EB4-4BE0-40C0-8873-51862547C1C1}.Debug|x86.ActiveCfg = Debug|Any CPU
		{70F55EB4-4BE0-40C0-8873-51862547C1C1}.Debug|x86.Build.0 = Debug|Any CPU
		{70F55EB4-4BE0-40C0-8873-51862547C1C1}.Release|Any CPU.ActiveCfg = Release|Any CPU
		{70F55EB4-4BE0-40C0-8873-51862547C1C1}.Release|Any CPU.Build.0 = Release|Any CPU
		{70F55EB4-4BE0-40C0-8873-51862547C1C1}.Release|x64.ActiveCfg = Release|Any CPU
		{70F55EB4-4BE0-40C0-8873-51862547C1C1}.Release|x64.Build.0 = Release|Any CPU
		{70F55EB4-4BE0-40C0-8873-51862547C1C1}.Release|x86.ActiveCfg = Release|Any CPU
		{70F55EB4-4BE0-40C0-8873-51862547C1C1}.Release|x86.Build.0 = Release|Any CPU
		{A5FCE5C4-F6E0-4202-BA9A-9C99A33FD293}.Debug|Any CPU.ActiveCfg = Debug|Any CPU
		{A5FCE5C4-F6E0-4202-BA9A-9C99A33FD293}.Debug|Any CPU.Build.0 = Debug|Any CPU
		{A5FCE5C4-F6E0-4202-BA9A-9C99A33FD293}.Debug|x64.ActiveCfg = Debug|Any CPU
		{A5FCE5C4-F6E0-4202-BA9A-9C99A33FD293}.Debug|x64.Build.0 = Debug|Any CPU
		{A5FCE5C4-F6E0-4202-BA9A-9C99A33FD293}.Debug|x86.ActiveCfg = Debug|Any CPU
		{A5FCE5C4-F6E0-4202-BA9A-9C99A33FD293}.Debug|x86.Build.0 = Debug|Any CPU
		{A5FCE5C4-F6E0-4202-BA9A-9C99A33FD293}.Release|Any CPU.ActiveCfg = Release|Any CPU
		{A5FCE5C4-F6E0-4202-BA9A-9C99A33FD293}.Release|Any CPU.Build.0 = Release|Any CPU
		{A5FCE5C4-F6E0-4202-BA9A-9C99A33FD293}.Release|x64.ActiveCfg = Release|Any CPU
		{A5FCE5C4-F6E0-4202-BA9A-9C99A33FD293}.Release|x64.Build.0 = Release|Any CPU
		{A5FCE5C4-F6E0-4202-BA9A-9C99A33FD293}.Release|x86.ActiveCfg = Release|Any CPU
		{A5FCE5C4-F6E0-4202-BA9A-9C99A33FD293}.Release|x86.Build.0 = Release|Any CPU
	EndGlobalSection
EndGlobal
