
Microsoft Visual Studio Solution File, Format Version 12.00
# Visual Studio 15
VisualStudioVersion = 15.0.26124.0
MinimumVisualStudioVersion = 15.0.26124.0
Project("{FAE04EC0-301F-11D3-BF4B-00C04F79EFBC}") = "TestCommon", "..\TestCommon\TestCommon.csproj", "{BA168481-FF1D-4DDD-BD67-D640BBE9C71C}"
EndProject
Project("{FAE04EC0-301F-11D3-BF4B-00C04F79EFBC}") = "A5", "A5\A5.csproj", "{1A81B843-8BC1-430D-9B46-0AF6D74FB632}"
EndProject
Project("{FAE04EC0-301F-11D3-BF4B-00C04F79EFBC}") = "A5.Tests", "A5.Tests\A5.Tests.csproj", "{F1B52056-BDFB-4CA5-8573-77C0B086C538}"
EndProject
Global
	GlobalSection(SolutionConfigurationPlatforms) = preSolution
		Debug|Any CPU = Debug|Any CPU
		Debug|x64 = Debug|x64
		Debug|x86 = Debug|x86
		Release|Any CPU = Release|Any CPU
		Release|x64 = Release|x64
		Release|x86 = Release|x86
	EndGlobalSection
	GlobalSection(SolutionProperties) = preSolution
		HideSolutionNode = FALSE
	EndGlobalSection
	GlobalSection(ProjectConfigurationPlatforms) = postSolution
		{BA168481-FF1D-4DDD-BD67-D640BBE9C71C}.Debug|Any CPU.ActiveCfg = Debug|Any CPU
		{BA168481-FF1D-4DDD-BD67-D640BBE9C71C}.Debug|Any CPU.Build.0 = Debug|Any CPU
		{BA168481-FF1D-4DDD-BD67-D640BBE9C71C}.Debug|x64.ActiveCfg = Debug|Any CPU
		{BA168481-FF1D-4DDD-BD67-D640BBE9C71C}.Debug|x64.Build.0 = Debug|Any CPU
		{BA168481-FF1D-4DDD-BD67-D640BBE9C71C}.Debug|x86.ActiveCfg = Debug|Any CPU
		{BA168481-FF1D-4DDD-BD67-D640BBE9C71C}.Debug|x86.Build.0 = Debug|Any CPU
		{BA168481-FF1D-4DDD-BD67-D640BBE9C71C}.Release|Any CPU.ActiveCfg = Release|Any CPU
		{BA168481-FF1D-4DDD-BD67-D640BBE9C71C}.Release|Any CPU.Build.0 = Release|Any CPU
		{BA168481-FF1D-4DDD-BD67-D640BBE9C71C}.Release|x64.ActiveCfg = Release|Any CPU
		{BA168481-FF1D-4DDD-BD67-D640BBE9C71C}.Release|x64.Build.0 = Release|Any CPU
		{BA168481-FF1D-4DDD-BD67-D640BBE9C71C}.Release|x86.ActiveCfg = Release|Any CPU
		{BA168481-FF1D-4DDD-BD67-D640BBE9C71C}.Release|x86.Build.0 = Release|Any CPU
		{1A81B843-8BC1-430D-9B46-0AF6D74FB632}.Debug|Any CPU.ActiveCfg = Debug|Any CPU
		{1A81B843-8BC1-430D-9B46-0AF6D74FB632}.Debug|Any CPU.Build.0 = Debug|Any CPU
		{1A81B843-8BC1-430D-9B46-0AF6D74FB632}.Debug|x64.ActiveCfg = Debug|Any CPU
		{1A81B843-8BC1-430D-9B46-0AF6D74FB632}.Debug|x64.Build.0 = Debug|Any CPU
		{1A81B843-8BC1-430D-9B46-0AF6D74FB632}.Debug|x86.ActiveCfg = Debug|Any CPU
		{1A81B843-8BC1-430D-9B46-0AF6D74FB632}.Debug|x86.Build.0 = Debug|Any CPU
		{1A81B843-8BC1-430D-9B46-0AF6D74FB632}.Release|Any CPU.ActiveCfg = Release|Any CPU
		{1A81B843-8BC1-430D-9B46-0AF6D74FB632}.Release|Any CPU.Build.0 = Release|Any CPU
		{1A81B843-8BC1-430D-9B46-0AF6D74FB632}.Release|x64.ActiveCfg = Release|Any CPU
		{1A81B843-8BC1-430D-9B46-0AF6D74FB632}.Release|x64.Build.0 = Release|Any CPU
		{1A81B843-8BC1-430D-9B46-0AF6D74FB632}.Release|x86.ActiveCfg = Release|Any CPU
		{1A81B843-8BC1-430D-9B46-0AF6D74FB632}.Release|x86.Build.0 = Release|Any CPU
		{F1B52056-BDFB-4CA5-8573-77C0B086C538}.Debug|Any CPU.ActiveCfg = Debug|Any CPU
		{F1B52056-BDFB-4CA5-8573-77C0B086C538}.Debug|Any CPU.Build.0 = Debug|Any CPU
		{F1B52056-BDFB-4CA5-8573-77C0B086C538}.Debug|x64.ActiveCfg = Debug|Any CPU
		{F1B52056-BDFB-4CA5-8573-77C0B086C538}.Debug|x64.Build.0 = Debug|Any CPU
		{F1B52056-BDFB-4CA5-8573-77C0B086C538}.Debug|x86.ActiveCfg = Debug|Any CPU
		{F1B52056-BDFB-4CA5-8573-77C0B086C538}.Debug|x86.Build.0 = Debug|Any CPU
		{F1B52056-BDFB-4CA5-8573-77C0B086C538}.Release|Any CPU.ActiveCfg = Release|Any CPU
		{F1B52056-BDFB-4CA5-8573-77C0B086C538}.Release|Any CPU.Build.0 = Release|Any CPU
		{F1B52056-BDFB-4CA5-8573-77C0B086C538}.Release|x64.ActiveCfg = Release|Any CPU
		{F1B52056-BDFB-4CA5-8573-77C0B086C538}.Release|x64.Build.0 = Release|Any CPU
		{F1B52056-BDFB-4CA5-8573-77C0B086C538}.Release|x86.ActiveCfg = Release|Any CPU
		{F1B52056-BDFB-4CA5-8573-77C0B086C538}.Release|x86.Build.0 = Release|Any CPU
	EndGlobalSection
EndGlobal
