
Microsoft Visual Studio Solution File, Format Version 12.00
# Visual Studio 15
VisualStudioVersion = 15.0.26124.0
MinimumVisualStudioVersion = 15.0.26124.0
Project("{FAE04EC0-301F-11D3-BF4B-00C04F79EFBC}") = "TestCommon", "..\TestCommon\TestCommon.csproj", "{8E16031A-1DB9-408C-8B24-E27A613E69F6}"
EndProject
Project("{FAE04EC0-301F-11D3-BF4B-00C04F79EFBC}") = "A6", "A6\A6.csproj", "{0C1D2357-06E0-4C0E-BCCD-70B618FEB548}"
EndProject
Project("{FAE04EC0-301F-11D3-BF4B-00C04F79EFBC}") = "A6.Tests", "A6.Tests\A6.Tests.csproj", "{F82D34FF-1F3A-4E5B-9432-906E8FE32F40}"
EndProject
Global
	GlobalSection(SolutionConfigurationPlatforms) = preSolution
		Debug|Any CPU = Debug|Any CPU
		Debug|x64 = Debug|x64
		Debug|x86 = Debug|x86
		Release|Any CPU = Release|Any CPU
		Release|x64 = Release|x64
		Release|x86 = Release|x86
	EndGlobalSection
	GlobalSection(SolutionProperties) = preSolution
		HideSolutionNode = FALSE
	EndGlobalSection
	GlobalSection(ProjectConfigurationPlatforms) = postSolution
		{8E16031A-1DB9-408C-8B24-E27A613E69F6}.Debug|Any CPU.ActiveCfg = Debug|Any CPU
		{8E16031A-1DB9-408C-8B24-E27A613E69F6}.Debug|Any CPU.Build.0 = Debug|Any CPU
		{8E16031A-1DB9-408C-8B24-E27A613E69F6}.Debug|x64.ActiveCfg = Debug|Any CPU
		{8E16031A-1DB9-408C-8B24-E27A613E69F6}.Debug|x64.Build.0 = Debug|Any CPU
		{8E16031A-1DB9-408C-8B24-E27A613E69F6}.Debug|x86.ActiveCfg = Debug|Any CPU
		{8E16031A-1DB9-408C-8B24-E27A613E69F6}.Debug|x86.Build.0 = Debug|Any CPU
		{8E16031A-1DB9-408C-8B24-E27A613E69F6}.Release|Any CPU.ActiveCfg = Release|Any CPU
		{8E16031A-1DB9-408C-8B24-E27A613E69F6}.Release|Any CPU.Build.0 = Release|Any CPU
		{8E16031A-1DB9-408C-8B24-E27A613E69F6}.Release|x64.ActiveCfg = Release|Any CPU
		{8E16031A-1DB9-408C-8B24-E27A613E69F6}.Release|x64.Build.0 = Release|Any CPU
		{8E16031A-1DB9-408C-8B24-E27A613E69F6}.Release|x86.ActiveCfg = Release|Any CPU
		{8E16031A-1DB9-408C-8B24-E27A613E69F6}.Release|x86.Build.0 = Release|Any CPU
		{0C1D2357-06E0-4C0E-BCCD-70B618FEB548}.Debug|Any CPU.ActiveCfg = Debug|Any CPU
		{0C1D2357-06E0-4C0E-BCCD-70B618FEB548}.Debug|Any CPU.Build.0 = Debug|Any CPU
		{0C1D2357-06E0-4C0E-BCCD-70B618FEB548}.Debug|x64.ActiveCfg = Debug|Any CPU
		{0C1D2357-06E0-4C0E-BCCD-70B618FEB548}.Debug|x64.Build.0 = Debug|Any CPU
		{0C1D2357-06E0-4C0E-BCCD-70B618FEB548}.Debug|x86.ActiveCfg = Debug|Any CPU
		{0C1D2357-06E0-4C0E-BCCD-70B618FEB548}.Debug|x86.Build.0 = Debug|Any CPU
		{0C1D2357-06E0-4C0E-BCCD-70B618FEB548}.Release|Any CPU.ActiveCfg = Release|Any CPU
		{0C1D2357-06E0-4C0E-BCCD-70B618FEB548}.Release|Any CPU.Build.0 = Release|Any CPU
		{0C1D2357-06E0-4C0E-BCCD-70B618FEB548}.Release|x64.ActiveCfg = Release|Any CPU
		{0C1D2357-06E0-4C0E-BCCD-70B618FEB548}.Release|x64.Build.0 = Release|Any CPU
		{0C1D2357-06E0-4C0E-BCCD-70B618FEB548}.Release|x86.ActiveCfg = Release|Any CPU
		{0C1D2357-06E0-4C0E-BCCD-70B618FEB548}.Release|x86.Build.0 = Release|Any CPU
		{F82D34FF-1F3A-4E5B-9432-906E8FE32F40}.Debug|Any CPU.ActiveCfg = Debug|Any CPU
		{F82D34FF-1F3A-4E5B-9432-906E8FE32F40}.Debug|Any CPU.Build.0 = Debug|Any CPU
		{F82D34FF-1F3A-4E5B-9432-906E8FE32F40}.Debug|x64.ActiveCfg = Debug|Any CPU
		{F82D34FF-1F3A-4E5B-9432-906E8FE32F40}.Debug|x64.Build.0 = Debug|Any CPU
		{F82D34FF-1F3A-4E5B-9432-906E8FE32F40}.Debug|x86.ActiveCfg = Debug|Any CPU
		{F82D34FF-1F3A-4E5B-9432-906E8FE32F40}.Debug|x86.Build.0 = Debug|Any CPU
		{F82D34FF-1F3A-4E5B-9432-906E8FE32F40}.Release|Any CPU.ActiveCfg = Release|Any CPU
		{F82D34FF-1F3A-4E5B-9432-906E8FE32F40}.Release|Any CPU.Build.0 = Release|Any CPU
		{F82D34FF-1F3A-4E5B-9432-906E8FE32F40}.Release|x64.ActiveCfg = Release|Any CPU
		{F82D34FF-1F3A-4E5B-9432-906E8FE32F40}.Release|x64.Build.0 = Release|Any CPU
		{F82D34FF-1F3A-4E5B-9432-906E8FE32F40}.Release|x86.ActiveCfg = Release|Any CPU
		{F82D34FF-1F3A-4E5B-9432-906E8FE32F40}.Release|x86.Build.0 = Release|Any CPU
	EndGlobalSection
EndGlobal
