
Microsoft Visual Studio Solution File, Format Version 12.00
# Visual Studio 15
VisualStudioVersion = 15.0.26124.0
MinimumVisualStudioVersion = 15.0.26124.0
Project("{FAE04EC0-301F-11D3-BF4B-00C04F79EFBC}") = "TestCommon", "..\TestCommon\TestCommon.csproj", "{1623E9EC-89DC-4263-B2DD-96E7C0DDFEC8}"
EndProject
Project("{FAE04EC0-301F-11D3-BF4B-00C04F79EFBC}") = "A8", "A8\A8.csproj", "{C0B9D5B6-977F-4534-A83D-CD0B59DC2815}"
EndProject
Project("{FAE04EC0-301F-11D3-BF4B-00C04F79EFBC}") = "A8.Tests", "A8.Tests\A8.Tests.csproj", "{732C65B3-D104-45E1-A291-ABDE6F89C869}"
EndProject
Global
	GlobalSection(SolutionConfigurationPlatforms) = preSolution
		Debug|Any CPU = Debug|Any CPU
		Debug|x64 = Debug|x64
		Debug|x86 = Debug|x86
		Release|Any CPU = Release|Any CPU
		Release|x64 = Release|x64
		Release|x86 = Release|x86
	EndGlobalSection
	GlobalSection(SolutionProperties) = preSolution
		HideSolutionNode = FALSE
	EndGlobalSection
	GlobalSection(ProjectConfigurationPlatforms) = postSolution
		{1623E9EC-89DC-4263-B2DD-96E7C0DDFEC8}.Debug|Any CPU.ActiveCfg = Debug|Any CPU
		{1623E9EC-89DC-4263-B2DD-96E7C0DDFEC8}.Debug|Any CPU.Build.0 = Debug|Any CPU
		{1623E9EC-89DC-4263-B2DD-96E7C0DDFEC8}.Debug|x64.ActiveCfg = Debug|Any CPU
		{1623E9EC-89DC-4263-B2DD-96E7C0DDFEC8}.Debug|x64.Build.0 = Debug|Any CPU
		{1623E9EC-89DC-4263-B2DD-96E7C0DDFEC8}.Debug|x86.ActiveCfg = Debug|Any CPU
		{1623E9EC-89DC-4263-B2DD-96E7C0DDFEC8}.Debug|x86.Build.0 = Debug|Any CPU
		{1623E9EC-89DC-4263-B2DD-96E7C0DDFEC8}.Release|Any CPU.ActiveCfg = Release|Any CPU
		{1623E9EC-89DC-4263-B2DD-96E7C0DDFEC8}.Release|Any CPU.Build.0 = Release|Any CPU
		{1623E9EC-89DC-4263-B2DD-96E7C0DDFEC8}.Release|x64.ActiveCfg = Release|Any CPU
		{1623E9EC-89DC-4263-B2DD-96E7C0DDFEC8}.Release|x64.Build.0 = Release|Any CPU
		{1623E9EC-89DC-4263-B2DD-96E7C0DDFEC8}.Release|x86.ActiveCfg = Release|Any CPU
		{1623E9EC-89DC-4263-B2DD-96E7C0DDFEC8}.Release|x86.Build.0 = Release|Any CPU
		{C0B9D5B6-977F-4534-A83D-CD0B59DC2815}.Debug|Any CPU.ActiveCfg = Debug|Any CPU
		{C0B9D5B6-977F-4534-A83D-CD0B59DC2815}.Debug|Any CPU.Build.0 = Debug|Any CPU
		{C0B9D5B6-977F-4534-A83D-CD0B59DC2815}.Debug|x64.ActiveCfg = Debug|Any CPU
		{C0B9D5B6-977F-4534-A83D-CD0B59DC2815}.Debug|x64.Build.0 = Debug|Any CPU
		{C0B9D5B6-977F-4534-A83D-CD0B59DC2815}.Debug|x86.ActiveCfg = Debug|Any CPU
		{C0B9D5B6-977F-4534-A83D-CD0B59DC2815}.Debug|x86.Build.0 = Debug|Any CPU
		{C0B9D5B6-977F-4534-A83D-CD0B59DC2815}.Release|Any CPU.ActiveCfg = Release|Any CPU
		{C0B9D5B6-977F-4534-A83D-CD0B59DC2815}.Release|Any CPU.Build.0 = Release|Any CPU
		{C0B9D5B6-977F-4534-A83D-CD0B59DC2815}.Release|x64.ActiveCfg = Release|Any CPU
		{C0B9D5B6-977F-4534-A83D-CD0B59DC2815}.Release|x64.Build.0 = Release|Any CPU
		{C0B9D5B6-977F-4534-A83D-CD0B59DC2815}.Release|x86.ActiveCfg = Release|Any CPU
		{C0B9D5B6-977F-4534-A83D-CD0B59DC2815}.Release|x86.Build.0 = Release|Any CPU
		{732C65B3-D104-45E1-A291-ABDE6F89C869}.Debug|Any CPU.ActiveCfg = Debug|Any CPU
		{732C65B3-D104-45E1-A291-ABDE6F89C869}.Debug|Any CPU.Build.0 = Debug|Any CPU
		{732C65B3-D104-45E1-A291-ABDE6F89C869}.Debug|x64.ActiveCfg = Debug|Any CPU
		{732C65B3-D104-45E1-A291-ABDE6F89C869}.Debug|x64.Build.0 = Debug|Any CPU
		{732C65B3-D104-45E1-A291-ABDE6F89C869}.Debug|x86.ActiveCfg = Debug|Any CPU
		{732C65B3-D104-45E1-A291-ABDE6F89C869}.Debug|x86.Build.0 = Debug|Any CPU
		{732C65B3-D104-45E1-A291-ABDE6F89C869}.Release|Any CPU.ActiveCfg = Release|Any CPU
		{732C65B3-D104-45E1-A291-ABDE6F89C869}.Release|Any CPU.Build.0 = Release|Any CPU
		{732C65B3-D104-45E1-A291-ABDE6F89C869}.Release|x64.ActiveCfg = Release|Any CPU
		{732C65B3-D104-45E1-A291-ABDE6F89C869}.Release|x64.Build.0 = Release|Any CPU
		{732C65B3-D104-45E1-A291-ABDE6F89C869}.Release|x86.ActiveCfg = Release|Any CPU
		{732C65B3-D104-45E1-A291-ABDE6F89C869}.Release|x86.Build.0 = Release|Any CPU
	EndGlobalSection
EndGlobal
